{
  "name": "tellme",
  "version": "0.1.0",
  "lockfileVersion": 3,
  "requires": true,
  "packages": {
    "": {
      "name": "tellme",
      "version": "0.1.0",
      "license": "MIT",
      "dependencies": {
        "sherpa-onnx-node": "^1.12.38"
      },
      "bin": {
        "tellme": "bin/tellme.js"
      },
      "devDependencies": {
        "@types/node": "^25.6.0"
      },
      "peerDependencies": {
        "@mariozechner/pi-coding-agent": "*",
        "@sinclair/typebox": "*"
      },
      "peerDependenciesMeta": {
        "@mariozechner/pi-coding-agent": {
          "optional": true
        },
        "@sinclair/typebox": {
          "optional": true
        }
      }
    },
    "node_modules/@types/node": {
      "version": "25.6.0",
      "resolved": "https://registry.npmjs.org/@types/node/-/node-25.6.0.tgz",
      "integrity": "sha512-+qIYRKdNYJwY3vRCZMdJbPLJAtGjQBudzZzdzwQYkEPQd+PJGixUL5QfvCLDaULoLv+RhT3LDkwEfKaAkgSmNQ==",
      "dev": true,
      "license": "MIT",
      "dependencies": {
        "undici-types": "~7.19.0"
      }
    },
    "node_modules/sherpa-onnx-darwin-arm64": {
      "version": "1.12.38",
      "resolved": "https://registry.npmjs.org/sherpa-onnx-darwin-arm64/-/sherpa-onnx-darwin-arm64-1.12.38.tgz",
      "integrity": "sha512-UIU8gyA2t0oYRobkf2MGUeo0KMjuNn+rHP3y1xZPoZinEVdo+56rUXIJBUbIWmVX4W6mkdKSOHU/ouRKt138vQ==",
      "cpu": [
        "arm64"
      ],
      "license": "Apache-2.0",
      "optional": true,
      "os": [
        "darwin"
      ]
    },
    "node_modules/sherpa-onnx-darwin-x64": {
      "version": "1.12.38",
      "resolved": "https://registry.npmjs.org/sherpa-onnx-darwin-x64/-/sherpa-onnx-darwin-x64-1.12.38.tgz",
      "integrity": "sha512-+Wa/RmmZys7UzP9nUnaBq9+npj5LrQ73amqFO5cFX5CycYV1h36Dv+X2nyTYYp1nmt7oI/eKg7VPIvv8iMcHxQ==",
      "cpu": [
        "x64"
      ],
      "license": "Apache-2.0",
      "optional": true,
      "os": [
        "darwin"
      ]
    },
    "node_modules/sherpa-onnx-linux-arm64": {
      "version": "1.12.38",
      "resolved": "https://registry.npmjs.org/sherpa-onnx-linux-arm64/-/sherpa-onnx-linux-arm64-1.12.38.tgz",
      "integrity": "sha512-sZmH66L6o1QNBh2MYgFFUTsbqEj1q+uwV0ChBIH6nVDHYQBtPyBndbcXv+KmJQSRpTBmRGET10CYZsK5Y+SCpA==",
      "cpu": [
        "arm64"
      ],
      "license": "Apache-2.0",
      "optional": true,
      "os": [
        "linux"
      ]
    },
    "node_modules/sherpa-onnx-linux-x64": {
      "version": "1.12.38",
      "resolved": "https://registry.npmjs.org/sherpa-onnx-linux-x64/-/sherpa-onnx-linux-x64-1.12.38.tgz",
      "integrity": "sha512-2kZmoD8kE077gKu5AWYB5P5giqDOjKVd20PvUjdu3+tu6FhFXGiAywP2biTu7ivloWiKtx8nygnih+cCHigx6A==",
      "cpu": [
        "x64"
      ],
      "license": "Apache-2.0",
      "optional": true,
      "os": [
        "linux"
      ]
    },
    "node_modules/sherpa-onnx-node": {
      "version": "1.12.38",
      "resolved": "https://registry.npmjs.org/sherpa-onnx-node/-/sherpa-onnx-node-1.12.38.tgz",
      "integrity": "sha512-WrfTnQd9uy6Y6aJisnS1X7lELLzc/Q/w6Gi3zj8VawTNL1HIPIAYeKVLuDaxio/0IHanrz0hgu7VIIiDGJkwCQ==",
      "license": "Apache-2.0",
      "optionalDependencies": {
        "sherpa-onnx-darwin-arm64": "^1.12.38",
        "sherpa-onnx-darwin-x64": "^1.12.38",
        "sherpa-onnx-linux-arm64": "^1.12.38",
        "sherpa-onnx-linux-x64": "^1.12.38",
        "sherpa-onnx-win-ia32": "^1.12.38",
        "sherpa-onnx-win-x64": "^1.12.38"
      }
    },
    "node_modules/sherpa-onnx-win-ia32": {
      "version": "1.12.38",
      "resolved": "https://registry.npmjs.org/sherpa-onnx-win-ia32/-/sherpa-onnx-win-ia32-1.12.38.tgz",
      "integrity": "sha512-NBluqnyXM2DemURbTnGPdkpRSQGlhJ+8RbtxFt6hRYSaJ7gTN0154rJ6IebHI7UiZSuXe3r8ZYUs3UZYqhplAQ==",
      "cpu": [
        "ia32"
      ],
      "license": "Apache-2.0",
      "optional": true,
      "os": [
        "win32"
      ]
    },
    "node_modules/sherpa-onnx-win-x64": {
      "version": "1.12.38",
      "resolved": "https://registry.npmjs.org/sherpa-onnx-win-x64/-/sherpa-onnx-win-x64-1.12.38.tgz",
      "integrity": "sha512-D7kimY7oosJID+9gTZI3g/Pc43/3ZYQ6EP8rpBhCGTDlND9DaDXpOS7aUCVqUAVRZU3+w6rZyE0s9LVuWoo/9w==",
      "cpu": [
        "x64"
      ],
      "license": "Apache-2.0",
      "optional": true,
      "os": [
        "win32"
      ]
    },
    "node_modules/undici-types": {
      "version": "7.19.2",
      "resolved": "https://registry.npmjs.org/undici-types/-/undici-types-7.19.2.tgz",
      "integrity": "sha512-qYVnV5OEm2AW8cJMCpdV20CDyaN3g0AjDlOGf1OW4iaDEx8MwdtChUp4zu4H0VP3nDRF/8RKWH+IPp9uW0YGZg==",
      "dev": true,
      "license": "MIT"
    }
  }
}
